// !$*UTF8*$!
{
	archiveVersion = 1;
	classes = {
	};
	objectVersion = 77;
	objects = {

/* Begin PBXContainerItemProxy section */
		258B974F2D3D481C00A6458D /* PBXContainerItemProxy */ = {
			isa = PBXContainerItemProxy;
			containerPortal = 258B97352D3D481A00A6458D /* Project object */;
			proxyType = 1;
			remoteGlobalIDString = 258B973C2D3D481A00A6458D;
			remoteInfo = "MarketPlace-IOS";
		};
		258B97592D3D481C00A6458D /* PBXContainerItemProxy */ = {
			isa = PBXContainerItemProxy;
			containerPortal = 258B97352D3D481A00A6458D /* Project object */;
			proxyType = 1;
			remoteGlobalIDString = 258B973C2D3D481A00A6458D;
			remoteInfo = "MarketPlace-IOS";
		};
/* End PBXContainerItemProxy section */

/* Begin PBXFileReference section */
		258B973D2D3D481A00A6458D /* MarketPlace-IOS.app */ = {isa = PBXFileReference; explicitFileType = wrapper.application; includeInIndex = 0; path = "MarketPlace-IOS.app"; sourceTree = BUILT_PRODUCTS_DIR; };
		258B974E2D3D481C00A6458D /* MarketPlace-IOSTests.xctest */ = {isa = PBXFileReference; explicitFileType = wrapper.cfbundle; includeInIndex = 0; path = "MarketPlace-IOSTests.xctest"; sourceTree = BUILT_PRODUCTS_DIR; };
		258B97582D3D481C00A6458D /* MarketPlace-IOSUITests.xctest */ = {isa = PBXFileReference; explicitFileType = wrapper.cfbundle; includeInIndex = 0; path = "MarketPlace-IOSUITests.xctest"; sourceTree = BUILT_PRODUCTS_DIR; };
		25F607442D4A78E000057F16 /* MarketPlace-IOS-Customers.app */ = {isa = PBXFileReference; explicitFileType = wrapper.application; includeInIndex = 0; path = "MarketPlace-IOS-Customers.app"; sourceTree = BUILT_PRODUCTS_DIR; };
		25F607462D4A78E000057F16 /* MarketPlace-IOS-Customers-Info.plist */ = {isa = PBXFileReference; lastKnownFileType = text.plist.xml; name = "MarketPlace-IOS-Customers-Info.plist"; path = "/Users/karthik/Documents/git/MarketPlaceApp/MarketPlaceApp/MarketPlace-IOS-Customers-Info.plist"; sourceTree = "<absolute>"; };
/* End PBXFileReference section */

/* Begin PBXFileSystemSynchronizedBuildFileExceptionSet section */
		2596180D2D3FC3A4009B8160 /* Exceptions for "MarketPlace-IOS" folder in "MarketPlace-IOS" target */ = {
			isa = PBXFileSystemSynchronizedBuildFileExceptionSet;
			membershipExceptions = (
				Info.plist,
			);
			target = 258B973C2D3D481A00A6458D /* MarketPlace-IOS */;
		};
		25F607452D4A78E000057F16 /* Exceptions for "MarketPlace-IOS" folder in "MarketPlace-IOS-Customers" target */ = {
			isa = PBXFileSystemSynchronizedBuildFileExceptionSet;
			membershipExceptions = (
				countries.json,
				Info.plist,
				"Preview Content/Preview Assets.xcassets",
			);
			target = 25F6073D2D4A78E000057F16 /* MarketPlace-IOS-Customers */;
		};
/* End PBXFileSystemSynchronizedBuildFileExceptionSet section */

/* Begin PBXFileSystemSynchronizedGroupBuildPhaseMembershipExceptionSet section */
		25F607612D4A79F800057F16 /* Exceptions for "MarketPlace-IOS" folder in "Compile Sources" phase from "MarketPlace-IOS-Customers" target */ = {
			isa = PBXFileSystemSynchronizedGroupBuildPhaseMembershipExceptionSet;
			buildPhase = 25F6073E2D4A78E000057F16 /* Sources */;
			membershipExceptions = (
				countries.json,
			);
		};
/* End PBXFileSystemSynchronizedGroupBuildPhaseMembershipExceptionSet section */

/* Begin PBXFileSystemSynchronizedRootGroup section */
		258B973F2D3D481A00A6458D /* MarketPlace-IOS */ = {
			isa = PBXFileSystemSynchronizedRootGroup;
			exceptions = (
				2596180D2D3FC3A4009B8160 /* Exceptions for "MarketPlace-IOS" folder in "MarketPlace-IOS" target */,
				25F607452D4A78E000057F16 /* Exceptions for "MarketPlace-IOS" folder in "MarketPlace-IOS-Customers" target */,
				25F607612D4A79F800057F16 /* Exceptions for "MarketPlace-IOS" folder in "Compile Sources" phase from "MarketPlace-IOS-Customers" target */,
			);
			path = "MarketPlace-IOS";
			sourceTree = "<group>";
		};
		258B97512D3D481C00A6458D /* MarketPlace-IOSTests */ = {
			isa = PBXFileSystemSynchronizedRootGroup;
			path = "MarketPlace-IOSTests";
			sourceTree = "<group>";
		};
		258B975B2D3D481C00A6458D /* MarketPlace-IOSUITests */ = {
			isa = PBXFileSystemSynchronizedRootGroup;
			path = "MarketPlace-IOSUITests";
			sourceTree = "<group>";
		};
/* End PBXFileSystemSynchronizedRootGroup section */

/* Begin PBXFrameworksBuildPhase section */
		258B973A2D3D481A00A6458D /* Frameworks */ = {
			isa = PBXFrameworksBuildPhase;
			buildActionMask = 2147483647;
			files = (
			);
			runOnlyForDeploymentPostprocessing = 0;
		};
		258B974B2D3D481C00A6458D /* Frameworks */ = {
			isa = PBXFrameworksBuildPhase;
			buildActionMask = 2147483647;
			files = (
			);
			runOnlyForDeploymentPostprocessing = 0;
		};
		258B97552D3D481C00A6458D /* Frameworks */ = {
			isa = PBXFrameworksBuildPhase;
			buildActionMask = 2147483647;
			files = (
			);
			runOnlyForDeploymentPostprocessing = 0;
		};
		25F6073F2D4A78E000057F16 /* Frameworks */ = {
			isa = PBXFrameworksBuildPhase;
			buildActionMask = 2147483647;
			files = (
			);
			runOnlyForDeploymentPostprocessing = 0;
		};
/* End PBXFrameworksBuildPhase section */

/* Begin PBXGroup section */
		258B97342D3D481A00A6458D = {
			isa = PBXGroup;
			children = (
				258B973F2D3D481A00A6458D /* MarketPlace-IOS */,
				258B97512D3D481C00A6458D /* MarketPlace-IOSTests */,
				258B975B2D3D481C00A6458D /* MarketPlace-IOSUITests */,
				25F607462D4A78E000057F16 /* MarketPlace-IOS-Customers-Info.plist */,
				25F6B77F2D4ABAD2002ADB49 /* Frameworks */,
				258B973E2D3D481A00A6458D /* Products */,
			);
			sourceTree = "<group>";
		};
		258B973E2D3D481A00A6458D /* Products */ = {
			isa = PBXGroup;
			children = (
				258B973D2D3D481A00A6458D /* MarketPlace-IOS.app */,
				258B974E2D3D481C00A6458D /* MarketPlace-IOSTests.xctest */,
				258B97582D3D481C00A6458D /* MarketPlace-IOSUITests.xctest */,
				25F607442D4A78E000057F16 /* MarketPlace-IOS-Customers.app */,
			);
			name = Products;
			sourceTree = "<group>";
		};
		25F6B77F2D4ABAD2002ADB49 /* Frameworks */ = {
			isa = PBXGroup;
			children = (
			);
			name = Frameworks;
			sourceTree = "<group>";
		};
/* End PBXGroup section */

/* Begin PBXNativeTarget section */
		258B973C2D3D481A00A6458D /* MarketPlace-IOS */ = {
			isa = PBXNativeTarget;
			buildConfigurationList = 258B97622D3D481C00A6458D /* Build configuration list for PBXNativeTarget "MarketPlace-IOS" */;
			buildPhases = (
				258B97392D3D481A00A6458D /* Sources */,
				258B973A2D3D481A00A6458D /* Frameworks */,
				258B973B2D3D481A00A6458D /* Resources */,
			);
			buildRules = (
			);
			dependencies = (
			);
			fileSystemSynchronizedGroups = (
				258B973F2D3D481A00A6458D /* MarketPlace-IOS */,
			);
			name = "MarketPlace-IOS";
			packageProductDependencies = (
			);
			productName = "MarketPlace-IOS";
			productReference = 258B973D2D3D481A00A6458D /* MarketPlace-IOS.app */;
			productType = "com.apple.product-type.application";
		};
		258B974D2D3D481C00A6458D /* MarketPlace-IOSTests */ = {
			isa = PBXNativeTarget;
			buildConfigurationList = 258B97652D3D481C00A6458D /* Build configuration list for PBXNativeTarget "MarketPlace-IOSTests" */;
			buildPhases = (
				258B974A2D3D481C00A6458D /* Sources */,
				258B974B2D3D481C00A6458D /* Frameworks */,
				258B974C2D3D481C00A6458D /* Resources */,
			);
			buildRules = (
			);
			dependencies = (
				258B97502D3D481C00A6458D /* PBXTargetDependency */,
			);
			fileSystemSynchronizedGroups = (
				258B97512D3D481C00A6458D /* MarketPlace-IOSTests */,
			);
			name = "MarketPlace-IOSTests";
			packageProductDependencies = (
			);
			productName = "MarketPlace-IOSTests";
			productReference = 258B974E2D3D481C00A6458D /* MarketPlace-IOSTests.xctest */;
			productType = "com.apple.product-type.bundle.unit-test";
		};
		258B97572D3D481C00A6458D /* MarketPlace-IOSUITests */ = {
			isa = PBXNativeTarget;
			buildConfigurationList = 258B97682D3D481C00A6458D /* Build configuration list for PBXNativeTarget "MarketPlace-IOSUITests" */;
			buildPhases = (
				258B97542D3D481C00A6458D /* Sources */,
				258B97552D3D481C00A6458D /* Frameworks */,
				258B97562D3D481C00A6458D /* Resources */,
			);
			buildRules = (
			);
			dependencies = (
				258B975A2D3D481C00A6458D /* PBXTargetDependency */,
			);
			fileSystemSynchronizedGroups = (
				258B975B2D3D481C00A6458D /* MarketPlace-IOSUITests */,
			);
			name = "MarketPlace-IOSUITests";
			packageProductDependencies = (
			);
			productName = "MarketPlace-IOSUITests";
			productReference = 258B97582D3D481C00A6458D /* MarketPlace-IOSUITests.xctest */;
			productType = "com.apple.product-type.bundle.ui-testing";
		};
		25F6073D2D4A78E000057F16 /* MarketPlace-IOS-Customers */ = {
			isa = PBXNativeTarget;
			buildConfigurationList = 25F607412D4A78E000057F16 /* Build configuration list for PBXNativeTarget "MarketPlace-IOS-Customers" */;
			buildPhases = (
				25F6073E2D4A78E000057F16 /* Sources */,
				25F6073F2D4A78E000057F16 /* Frameworks */,
				25F607402D4A78E000057F16 /* Resources */,
			);
			buildRules = (
			);
			dependencies = (
			);
			fileSystemSynchronizedGroups = (
				258B973F2D3D481A00A6458D /* MarketPlace-IOS */,
			);
			name = "MarketPlace-IOS-Customers";
			packageProductDependencies = (
			);
			productName = "MarketPlace-IOS";
			productReference = 25F607442D4A78E000057F16 /* MarketPlace-IOS-Customers.app */;
			productType = "com.apple.product-type.application";
		};
/* End PBXNativeTarget section */

/* Begin PBXProject section */
		258B97352D3D481A00A6458D /* Project object */ = {
			isa = PBXProject;
			attributes = {
				BuildIndependentTargetsInParallel = 1;
				LastSwiftUpdateCheck = 1600;
				LastUpgradeCheck = 1600;
				TargetAttributes = {
					258B973C2D3D481A00A6458D = {
						CreatedOnToolsVersion = 16.0;
					};
					258B974D2D3D481C00A6458D = {
						CreatedOnToolsVersion = 16.0;
						TestTargetID = 258B973C2D3D481A00A6458D;
					};
					258B97572D3D481C00A6458D = {
						CreatedOnToolsVersion = 16.0;
						TestTargetID = 258B973C2D3D481A00A6458D;
					};
				};
			};
			buildConfigurationList = 258B97382D3D481A00A6458D /* Build configuration list for PBXProject "MarketPlace-IOS" */;
			developmentRegion = en;
			hasScannedForEncodings = 0;
			knownRegions = (
				en,
				Base,
			);
			mainGroup = 258B97342D3D481A00A6458D;
			minimizedProjectReferenceProxies = 1;
			packageReferences = (
			);
			preferredProjectObjectVersion = 77;
			productRefGroup = 258B973E2D3D481A00A6458D /* Products */;
			projectDirPath = "";
			projectRoot = "";
			targets = (
				258B973C2D3D481A00A6458D /* MarketPlace-IOS */,
				258B974D2D3D481C00A6458D /* MarketPlace-IOSTests */,
				258B97572D3D481C00A6458D /* MarketPlace-IOSUITests */,
				25F6073D2D4A78E000057F16 /* MarketPlace-IOS-Customers */,
			);
		};
/* End PBXProject section */

/* Begin PBXResourcesBuildPhase section */
		258B973B2D3D481A00A6458D /* Resources */ = {
			isa = PBXResourcesBuildPhase;
			buildActionMask = 2147483647;
			files = (
			);
			runOnlyForDeploymentPostprocessing = 0;
		};
		258B974C2D3D481C00A6458D /* Resources */ = {
			isa = PBXResourcesBuildPhase;
			buildActionMask = 2147483647;
			files = (
			);
			runOnlyForDeploymentPostprocessing = 0;
		};
		258B97562D3D481C00A6458D /* Resources */ = {
			isa = PBXResourcesBuildPhase;
			buildActionMask = 2147483647;
			files = (
			);
			runOnlyForDeploymentPostprocessing = 0;
		};
		25F607402D4A78E000057F16 /* Resources */ = {
			isa = PBXResourcesBuildPhase;
			buildActionMask = 2147483647;
			files = (
			);
			runOnlyForDeploymentPostprocessing = 0;
		};
/* End PBXResourcesBuildPhase section */

/* Begin PBXSourcesBuildPhase section */
		258B97392D3D481A00A6458D /* Sources */ = {
			isa = PBXSourcesBuildPhase;
			buildActionMask = 2147483647;
			files = (
			);
			runOnlyForDeploymentPostprocessing = 0;
		};
		258B974A2D3D481C00A6458D /* Sources */ = {
			isa = PBXSourcesBuildPhase;
			buildActionMask = 2147483647;
			files = (
			);
			runOnlyForDeploymentPostprocessing = 0;
		};
		258B97542D3D481C00A6458D /* Sources */ = {
			isa = PBXSourcesBuildPhase;
			buildActionMask = 2147483647;
			files = (
			);
			runOnlyForDeploymentPostprocessing = 0;
		};
		25F6073E2D4A78E000057F16 /* Sources */ = {
			isa = PBXSourcesBuildPhase;
			buildActionMask = 2147483647;
			files = (
			);
			runOnlyForDeploymentPostprocessing = 0;
		};
/* End PBXSourcesBuildPhase section */

/* Begin PBXTargetDependency section */
		258B97502D3D481C00A6458D /* PBXTargetDependency */ = {
			isa = PBXTargetDependency;
			target = 258B973C2D3D481A00A6458D /* MarketPlace-IOS */;
			targetProxy = 258B974F2D3D481C00A6458D /* PBXContainerItemProxy */;
		};
		258B975A2D3D481C00A6458D /* PBXTargetDependency */ = {
			isa = PBXTargetDependency;
			target = 258B973C2D3D481A00A6458D /* MarketPlace-IOS */;
			targetProxy = 258B97592D3D481C00A6458D /* PBXContainerItemProxy */;
		};
/* End PBXTargetDependency section */

/* Begin XCBuildConfiguration section */
		258B97602D3D481C00A6458D /* Debug */ = {
			isa = XCBuildConfiguration;
			buildSettings = {
				ALWAYS_SEARCH_USER_PATHS = NO;
				ASSETCATALOG_COMPILER_GENERATE_SWIFT_ASSET_SYMBOL_EXTENSIONS = YES;
				CLANG_ANALYZER_NONNULL = YES;
				CLANG_ANALYZER_NUMBER_OBJECT_CONVERSION = YES_AGGRESSIVE;
				CLANG_CXX_LANGUAGE_STANDARD = "gnu++20";
				CLANG_ENABLE_MODULES = YES;
				CLANG_ENABLE_OBJC_ARC = YES;
				CLANG_ENABLE_OBJC_WEAK = YES;
				CLANG_WARN_BLOCK_CAPTURE_AUTORELEASING = YES;
				CLANG_WARN_BOOL_CONVERSION = YES;
				CLANG_WARN_COMMA = YES;
				CLANG_WARN_CONSTANT_CONVERSION = YES;
				CLANG_WARN_DEPRECATED_OBJC_IMPLEMENTATIONS = YES;
				CLANG_WARN_DIRECT_OBJC_ISA_USAGE = YES_ERROR;
				CLANG_WARN_DOCUMENTATION_COMMENTS = YES;
				CLANG_WARN_EMPTY_BODY = YES;
				CLANG_WARN_ENUM_CONVERSION = YES;
				CLANG_WARN_INFINITE_RECURSION = YES;
				CLANG_WARN_INT_CONVERSION = YES;
				CLANG_WARN_NON_LITERAL_NULL_CONVERSION = YES;
				CLANG_WARN_OBJC_IMPLICIT_RETAIN_SELF = YES;
				CLANG_WARN_OBJC_LITERAL_CONVERSION = YES;
				CLANG_WARN_OBJC_ROOT_CLASS = YES_ERROR;
				CLANG_WARN_QUOTED_INCLUDE_IN_FRAMEWORK_HEADER = YES;
				CLANG_WARN_RANGE_LOOP_ANALYSIS = YES;
				CLANG_WARN_STRICT_PROTOTYPES = YES;
				CLANG_WARN_SUSPICIOUS_MOVE = YES;
				CLANG_WARN_UNGUARDED_AVAILABILITY = YES_AGGRESSIVE;
				CLANG_WARN_UNREACHABLE_CODE = YES;
				CLANG_WARN__DUPLICATE_METHOD_MATCH = YES;
				COPY_PHASE_STRIP = NO;
				DEBUG_INFORMATION_FORMAT = dwarf;
				ENABLE_STRICT_OBJC_MSGSEND = YES;
				ENABLE_TESTABILITY = YES;
				ENABLE_USER_SCRIPT_SANDBOXING = YES;
				GCC_C_LANGUAGE_STANDARD = gnu17;
				GCC_DYNAMIC_NO_PIC = NO;
				GCC_NO_COMMON_BLOCKS = YES;
				GCC_OPTIMIZATION_LEVEL = 0;
				GCC_PREPROCESSOR_DEFINITIONS = (
					"DEBUG=1",
					"$(inherited)",
				);
				GCC_WARN_64_TO_32_BIT_CONVERSION = YES;
				GCC_WARN_ABOUT_RETURN_TYPE = YES_ERROR;
				GCC_WARN_UNDECLARED_SELECTOR = YES;
				GCC_WARN_UNINITIALIZED_AUTOS = YES_AGGRESSIVE;
				GCC_WARN_UNUSED_FUNCTION = YES;
				GCC_WARN_UNUSED_VARIABLE = YES;
				LOCALIZATION_PREFERS_STRING_CATALOGS = YES;
				MTL_ENABLE_DEBUG_INFO = INCLUDE_SOURCE;
				MTL_FAST_MATH = YES;
				ONLY_ACTIVE_ARCH = YES;
				SWIFT_ACTIVE_COMPILATION_CONDITIONS = "DEBUG $(inherited)";
				SWIFT_OPTIMIZATION_LEVEL = "-Onone";
			};
			name = Debug;
		};
		258B97612D3D481C00A6458D /* Release */ = {
			isa = XCBuildConfiguration;
			buildSettings = {
				ALWAYS_SEARCH_USER_PATHS = NO;
				ASSETCATALOG_COMPILER_GENERATE_SWIFT_ASSET_SYMBOL_EXTENSIONS = YES;
				CLANG_ANALYZER_NONNULL = YES;
				CLANG_ANALYZER_NUMBER_OBJECT_CONVERSION = YES_AGGRESSIVE;
				CLANG_CXX_LANGUAGE_STANDARD = "gnu++20";
				CLANG_ENABLE_MODULES = YES;
				CLANG_ENABLE_OBJC_ARC = YES;
				CLANG_ENABLE_OBJC_WEAK = YES;
				CLANG_WARN_BLOCK_CAPTURE_AUTORELEASING = YES;
				CLANG_WARN_BOOL_CONVERSION = YES;
				CLANG_WARN_COMMA = YES;
				CLANG_WARN_CONSTANT_CONVERSION = YES;
				CLANG_WARN_DEPRECATED_OBJC_IMPLEMENTATIONS = YES;
				CLANG_WARN_DIRECT_OBJC_ISA_USAGE = YES_ERROR;
				CLANG_WARN_DOCUMENTATION_COMMENTS = YES;
				CLANG_WARN_EMPTY_BODY = YES;
				CLANG_WARN_ENUM_CONVERSION = YES;
				CLANG_WARN_INFINITE_RECURSION = YES;
				CLANG_WARN_INT_CONVERSION = YES;
				CLANG_WARN_NON_LITERAL_NULL_CONVERSION = YES;
				CLANG_WARN_OBJC_IMPLICIT_RETAIN_SELF = YES;
				CLANG_WARN_OBJC_LITERAL_CONVERSION = YES;
				CLANG_WARN_OBJC_ROOT_CLASS = YES_ERROR;
				CLANG_WARN_QUOTED_INCLUDE_IN_FRAMEWORK_HEADER = YES;
				CLANG_WARN_RANGE_LOOP_ANALYSIS = YES;
				CLANG_WARN_STRICT_PROTOTYPES = YES;
				CLANG_WARN_SUSPICIOUS_MOVE = YES;
				CLANG_WARN_UNGUARDED_AVAILABILITY = YES_AGGRESSIVE;
				CLANG_WARN_UNREACHABLE_CODE = YES;
				CLANG_WARN__DUPLICATE_METHOD_MATCH = YES;
				COPY_PHASE_STRIP = NO;
				DEBUG_INFORMATION_FORMAT = "dwarf-with-dsym";
				ENABLE_NS_ASSERTIONS = NO;
				ENABLE_STRICT_OBJC_MSGSEND = YES;
				ENABLE_USER_SCRIPT_SANDBOXING = YES;
				GCC_C_LANGUAGE_STANDARD = gnu17;
				GCC_NO_COMMON_BLOCKS = YES;
				GCC_WARN_64_TO_32_BIT_CONVERSION = YES;
				GCC_WARN_ABOUT_RETURN_TYPE = YES_ERROR;
				GCC_WARN_UNDECLARED_SELECTOR = YES;
				GCC_WARN_UNINITIALIZED_AUTOS = YES_AGGRESSIVE;
				GCC_WARN_UNUSED_FUNCTION = YES;
				GCC_WARN_UNUSED_VARIABLE = YES;
				LOCALIZATION_PREFERS_STRING_CATALOGS = YES;
				MTL_ENABLE_DEBUG_INFO = NO;
				MTL_FAST_MATH = YES;
				SWIFT_COMPILATION_MODE = wholemodule;
			};
			name = Release;
		};
		258B97632D3D481C00A6458D /* Debug */ = {
			isa = XCBuildConfiguration;
			buildSettings = {
				ASSETCATALOG_COMPILER_APPICON_NAME = AppIcon;
				ASSETCATALOG_COMPILER_GLOBAL_ACCENT_COLOR_NAME = AccentColor;
				CODE_SIGN_ENTITLEMENTS = "MarketPlace-IOS/MarketPlace_IOS.entitlements";
				CODE_SIGN_STYLE = Automatic;
				CURRENT_PROJECT_VERSION = 1;
				DEVELOPMENT_ASSET_PATHS = "\"MarketPlace-IOS/Preview Content\"";
				ENABLE_PREVIEWS = YES;
				GENERATE_INFOPLIST_FILE = YES;
				INFOPLIST_FILE = "MarketPlace-IOS/Info.plist";
				INFOPLIST_KEY_CFBundleDisplayName = "MartketPlace-Owners";
				"INFOPLIST_KEY_UIApplicationSceneManifest_Generation[sdk=iphoneos*]" = YES;
				"INFOPLIST_KEY_UIApplicationSceneManifest_Generation[sdk=iphonesimulator*]" = YES;
				"INFOPLIST_KEY_UIApplicationSupportsIndirectInputEvents[sdk=iphoneos*]" = YES;
				"INFOPLIST_KEY_UIApplicationSupportsIndirectInputEvents[sdk=iphonesimulator*]" = YES;
				"INFOPLIST_KEY_UILaunchScreen_Generation[sdk=iphoneos*]" = YES;
				"INFOPLIST_KEY_UILaunchScreen_Generation[sdk=iphonesimulator*]" = YES;
				"INFOPLIST_KEY_UIStatusBarStyle[sdk=iphoneos*]" = UIStatusBarStyleDefault;
				"INFOPLIST_KEY_UIStatusBarStyle[sdk=iphonesimulator*]" = UIStatusBarStyleDefault;
				INFOPLIST_KEY_UISupportedInterfaceOrientations_iPad = "UIInterfaceOrientationPortrait UIInterfaceOrientationPortraitUpsideDown UIInterfaceOrientationLandscapeLeft UIInterfaceOrientationLandscapeRight";
				INFOPLIST_KEY_UISupportedInterfaceOrientations_iPhone = "UIInterfaceOrientationPortrait UIInterfaceOrientationLandscapeLeft UIInterfaceOrientationLandscapeRight";
				IPHONEOS_DEPLOYMENT_TARGET = 18.0;
				LD_RUNPATH_SEARCH_PATHS = "@executable_path/Frameworks";
				"LD_RUNPATH_SEARCH_PATHS[sdk=macosx*]" = "@executable_path/../Frameworks";
				MACOSX_DEPLOYMENT_TARGET = 15.0;
				MARKETING_VERSION = 1.0;
				OTHER_SWIFT_FLAGS = "";
				PRODUCT_BUNDLE_IDENTIFIER = com.app.marketplace.owners;
				PRODUCT_NAME = "$(TARGET_NAME)";
				SDKROOT = auto;
				SUPPORTED_PLATFORMS = "iphoneos iphonesimulator macosx xros xrsimulator";
				SWIFT_EMIT_LOC_STRINGS = YES;
				SWIFT_VERSION = 5.0;
				TARGETED_DEVICE_FAMILY = "1,2,7";
				XROS_DEPLOYMENT_TARGET = 2.0;
			};
			name = Debug;
		};
		258B97642D3D481C00A6458D /* Release */ = {
			isa = XCBuildConfiguration;
			buildSettings = {
				ASSETCATALOG_COMPILER_APPICON_NAME = AppIcon;
				ASSETCATALOG_COMPILER_GLOBAL_ACCENT_COLOR_NAME = AccentColor;
				CODE_SIGN_ENTITLEMENTS = "MarketPlace-IOS/MarketPlace_IOS.entitlements";
				CODE_SIGN_STYLE = Automatic;
				CURRENT_PROJECT_VERSION = 1;
				DEVELOPMENT_ASSET_PATHS = "\"MarketPlace-IOS/Preview Content\"";
				ENABLE_PREVIEWS = YES;
				GENERATE_INFOPLIST_FILE = YES;
				INFOPLIST_FILE = "MarketPlace-IOS/Info.plist";
				INFOPLIST_KEY_CFBundleDisplayName = "MartketPlace-Owners";
				"INFOPLIST_KEY_UIApplicationSceneManifest_Generation[sdk=iphoneos*]" = YES;
				"INFOPLIST_KEY_UIApplicationSceneManifest_Generation[sdk=iphonesimulator*]" = YES;
				"INFOPLIST_KEY_UIApplicationSupportsIndirectInputEvents[sdk=iphoneos*]" = YES;
				"INFOPLIST_KEY_UIApplicationSupportsIndirectInputEvents[sdk=iphonesimulator*]" = YES;
				"INFOPLIST_KEY_UILaunchScreen_Generation[sdk=iphoneos*]" = YES;
				"INFOPLIST_KEY_UILaunchScreen_Generation[sdk=iphonesimulator*]" = YES;
				"INFOPLIST_KEY_UIStatusBarStyle[sdk=iphoneos*]" = UIStatusBarStyleDefault;
				"INFOPLIST_KEY_UIStatusBarStyle[sdk=iphonesimulator*]" = UIStatusBarStyleDefault;
				INFOPLIST_KEY_UISupportedInterfaceOrientations_iPad = "UIInterfaceOrientationPortrait UIInterfaceOrientationPortraitUpsideDown UIInterfaceOrientationLandscapeLeft UIInterfaceOrientationLandscapeRight";
				INFOPLIST_KEY_UISupportedInterfaceOrientations_iPhone = "UIInterfaceOrientationPortrait UIInterfaceOrientationLandscapeLeft UIInterfaceOrientationLandscapeRight";
				IPHONEOS_DEPLOYMENT_TARGET = 18.0;
				LD_RUNPATH_SEARCH_PATHS = "@executable_path/Frameworks";
				"LD_RUNPATH_SEARCH_PATHS[sdk=macosx*]" = "@executable_path/../Frameworks";
				MACOSX_DEPLOYMENT_TARGET = 15.0;
				MARKETING_VERSION = 1.0;
				OTHER_SWIFT_FLAGS = "";
				PRODUCT_BUNDLE_IDENTIFIER = com.app.marketplace.owners;
				PRODUCT_NAME = "$(TARGET_NAME)";
				SDKROOT = auto;
				SUPPORTED_PLATFORMS = "iphoneos iphonesimulator macosx xros xrsimulator";
				SWIFT_EMIT_LOC_STRINGS = YES;
				SWIFT_VERSION = 5.0;
				TARGETED_DEVICE_FAMILY = "1,2,7";
				XROS_DEPLOYMENT_TARGET = 2.0;
			};
			name = Release;
		};
		258B97662D3D481C00A6458D /* Debug */ = {
			isa = XCBuildConfiguration;
			buildSettings = {
				BUNDLE_LOADER = "$(TEST_HOST)";
				CODE_SIGN_STYLE = Automatic;
				CURRENT_PROJECT_VERSION = 1;
				GENERATE_INFOPLIST_FILE = YES;
				IPHONEOS_DEPLOYMENT_TARGET = 18.0;
				MACOSX_DEPLOYMENT_TARGET = 15.0;
				MARKETING_VERSION = 1.0;
				PRODUCT_BUNDLE_IDENTIFIER = "com.app.marketplace.MarketPlace-IOSTests";
				PRODUCT_NAME = "$(TARGET_NAME)";
				SDKROOT = auto;
				SUPPORTED_PLATFORMS = "iphoneos iphonesimulator macosx xros xrsimulator";
				SWIFT_EMIT_LOC_STRINGS = NO;
				SWIFT_VERSION = 5.0;
				TARGETED_DEVICE_FAMILY = "1,2,7";
				TEST_HOST = "$(BUILT_PRODUCTS_DIR)/MarketPlace-IOS.app/$(BUNDLE_EXECUTABLE_FOLDER_PATH)/MarketPlace-IOS";
				XROS_DEPLOYMENT_TARGET = 2.0;
			};
			name = Debug;
		};
		258B97672D3D481C00A6458D /* Release */ = {
			isa = XCBuildConfiguration;
			buildSettings = {
				BUNDLE_LOADER = "$(TEST_HOST)";
				CODE_SIGN_STYLE = Automatic;
				CURRENT_PROJECT_VERSION = 1;
				GENERATE_INFOPLIST_FILE = YES;
				IPHONEOS_DEPLOYMENT_TARGET = 18.0;
				MACOSX_DEPLOYMENT_TARGET = 15.0;
				MARKETING_VERSION = 1.0;
				PRODUCT_BUNDLE_IDENTIFIER = "com.app.marketplace.MarketPlace-IOSTests";
				PRODUCT_NAME = "$(TARGET_NAME)";
				SDKROOT = auto;
				SUPPORTED_PLATFORMS = "iphoneos iphonesimulator macosx xros xrsimulator";
				SWIFT_EMIT_LOC_STRINGS = NO;
				SWIFT_VERSION = 5.0;
				TARGETED_DEVICE_FAMILY = "1,2,7";
				TEST_HOST = "$(BUILT_PRODUCTS_DIR)/MarketPlace-IOS.app/$(BUNDLE_EXECUTABLE_FOLDER_PATH)/MarketPlace-IOS";
				XROS_DEPLOYMENT_TARGET = 2.0;
			};
			name = Release;
		};
		258B97692D3D481C00A6458D /* Debug */ = {
			isa = XCBuildConfiguration;
			buildSettings = {
				CODE_SIGN_STYLE = Automatic;
				CURRENT_PROJECT_VERSION = 1;
				GENERATE_INFOPLIST_FILE = YES;
				IPHONEOS_DEPLOYMENT_TARGET = 18.0;
				MACOSX_DEPLOYMENT_TARGET = 15.0;
				MARKETING_VERSION = 1.0;
				PRODUCT_BUNDLE_IDENTIFIER = "com.app.marketplace.MarketPlace-IOSUITests";
				PRODUCT_NAME = "$(TARGET_NAME)";
				SDKROOT = auto;
				SUPPORTED_PLATFORMS = "iphoneos iphonesimulator macosx xros xrsimulator";
				SWIFT_EMIT_LOC_STRINGS = NO;
				SWIFT_VERSION = 5.0;
				TARGETED_DEVICE_FAMILY = "1,2,7";
				TEST_TARGET_NAME = "MarketPlace-IOS";
				XROS_DEPLOYMENT_TARGET = 2.0;
			};
			name = Debug;
		};
		258B976A2D3D481C00A6458D /* Release */ = {
			isa = XCBuildConfiguration;
			buildSettings = {
				CODE_SIGN_STYLE = Automatic;
				CURRENT_PROJECT_VERSION = 1;
				GENERATE_INFOPLIST_FILE = YES;
				IPHONEOS_DEPLOYMENT_TARGET = 18.0;
				MACOSX_DEPLOYMENT_TARGET = 15.0;
				MARKETING_VERSION = 1.0;
				PRODUCT_BUNDLE_IDENTIFIER = "com.app.marketplace.MarketPlace-IOSUITests";
				PRODUCT_NAME = "$(TARGET_NAME)";
				SDKROOT = auto;
				SUPPORTED_PLATFORMS = "iphoneos iphonesimulator macosx xros xrsimulator";
				SWIFT_EMIT_LOC_STRINGS = NO;
				SWIFT_VERSION = 5.0;
				TARGETED_DEVICE_FAMILY = "1,2,7";
				TEST_TARGET_NAME = "MarketPlace-IOS";
				XROS_DEPLOYMENT_TARGET = 2.0;
			};
			name = Release;
		};
		25F607422D4A78E000057F16 /* Debug */ = {
			isa = XCBuildConfiguration;
			buildSettings = {
				ASSETCATALOG_COMPILER_APPICON_NAME = AppIcon;
				ASSETCATALOG_COMPILER_GLOBAL_ACCENT_COLOR_NAME = AccentColor;
				CODE_SIGN_ENTITLEMENTS = "MarketPlace-IOS/MarketPlace_IOS.entitlements";
				CODE_SIGN_STYLE = Automatic;
				CURRENT_PROJECT_VERSION = 1;
				DEVELOPMENT_ASSET_PATHS = "\"MarketPlace-IOS/Preview Content\"";
				ENABLE_PREVIEWS = YES;
				GENERATE_INFOPLIST_FILE = YES;
				INFOPLIST_FILE = "MarketPlace-IOS-Customers-Info.plist";
				INFOPLIST_KEY_CFBundleDisplayName = MartketPlace;
				"INFOPLIST_KEY_UIApplicationSceneManifest_Generation[sdk=iphoneos*]" = YES;
				"INFOPLIST_KEY_UIApplicationSceneManifest_Generation[sdk=iphonesimulator*]" = YES;
				"INFOPLIST_KEY_UIApplicationSupportsIndirectInputEvents[sdk=iphoneos*]" = YES;
				"INFOPLIST_KEY_UIApplicationSupportsIndirectInputEvents[sdk=iphonesimulator*]" = YES;
				"INFOPLIST_KEY_UILaunchScreen_Generation[sdk=iphoneos*]" = YES;
				"INFOPLIST_KEY_UILaunchScreen_Generation[sdk=iphonesimulator*]" = YES;
				"INFOPLIST_KEY_UIStatusBarStyle[sdk=iphoneos*]" = UIStatusBarStyleDefault;
				"INFOPLIST_KEY_UIStatusBarStyle[sdk=iphonesimulator*]" = UIStatusBarStyleDefault;
				INFOPLIST_KEY_UISupportedInterfaceOrientations_iPad = "UIInterfaceOrientationPortrait UIInterfaceOrientationPortraitUpsideDown UIInterfaceOrientationLandscapeLeft UIInterfaceOrientationLandscapeRight";
				INFOPLIST_KEY_UISupportedInterfaceOrientations_iPhone = "UIInterfaceOrientationPortrait UIInterfaceOrientationLandscapeLeft UIInterfaceOrientationLandscapeRight";
				IPHONEOS_DEPLOYMENT_TARGET = 18.0;
				LD_RUNPATH_SEARCH_PATHS = "@executable_path/Frameworks";
				"LD_RUNPATH_SEARCH_PATHS[sdk=macosx*]" = "@executable_path/../Frameworks";
				MACOSX_DEPLOYMENT_TARGET = 15.0;
				MARKETING_VERSION = 1.0;
				OTHER_SWIFT_FLAGS = "";
				PRODUCT_BUNDLE_IDENTIFIER = com.app.marketplace.customer;
				PRODUCT_NAME = "$(TARGET_NAME)";
				SDKROOT = auto;
				SUPPORTED_PLATFORMS = "iphoneos iphonesimulator macosx xros xrsimulator";
				SWIFT_EMIT_LOC_STRINGS = YES;
				SWIFT_VERSION = 5.0;
				TARGETED_DEVICE_FAMILY = "1,2,7";
				XROS_DEPLOYMENT_TARGET = 2.0;
			};
			name = Debug;
		};
		25F607432D4A78E000057F16 /* Release */ = {
			isa = XCBuildConfiguration;
			buildSettings = {
				ASSETCATALOG_COMPILER_APPICON_NAME = AppIcon;
				ASSETCATALOG_COMPILER_GLOBAL_ACCENT_COLOR_NAME = AccentColor;
				CODE_SIGN_ENTITLEMENTS = "MarketPlace-IOS/MarketPlace_IOS.entitlements";
				CODE_SIGN_STYLE = Automatic;
				CURRENT_PROJECT_VERSION = 1;
				DEVELOPMENT_ASSET_PATHS = "\"MarketPlace-IOS/Preview Content\"";
				ENABLE_PREVIEWS = YES;
				GENERATE_INFOPLIST_FILE = YES;
				INFOPLIST_FILE = "MarketPlace-IOS-Customers-Info.plist";
				INFOPLIST_KEY_CFBundleDisplayName = MartketPlace;
				"INFOPLIST_KEY_UIApplicationSceneManifest_Generation[sdk=iphoneos*]" = YES;
				"INFOPLIST_KEY_UIApplicationSceneManifest_Generation[sdk=iphonesimulator*]" = YES;
				"INFOPLIST_KEY_UIApplicationSupportsIndirectInputEvents[sdk=iphoneos*]" = YES;
				"INFOPLIST_KEY_UIApplicationSupportsIndirectInputEvents[sdk=iphonesimulator*]" = YES;
				"INFOPLIST_KEY_UILaunchScreen_Generation[sdk=iphoneos*]" = YES;
				"INFOPLIST_KEY_UILaunchScreen_Generation[sdk=iphonesimulator*]" = YES;
				"INFOPLIST_KEY_UIStatusBarStyle[sdk=iphoneos*]" = UIStatusBarStyleDefault;
				"INFOPLIST_KEY_UIStatusBarStyle[sdk=iphonesimulator*]" = UIStatusBarStyleDefault;
				INFOPLIST_KEY_UISupportedInterfaceOrientations_iPad = "UIInterfaceOrientationPortrait UIInterfaceOrientationPortraitUpsideDown UIInterfaceOrientationLandscapeLeft UIInterfaceOrientationLandscapeRight";
				INFOPLIST_KEY_UISupportedInterfaceOrientations_iPhone = "UIInterfaceOrientationPortrait UIInterfaceOrientationLandscapeLeft UIInterfaceOrientationLandscapeRight";
				IPHONEOS_DEPLOYMENT_TARGET = 18.0;
				LD_RUNPATH_SEARCH_PATHS = "@executable_path/Frameworks";
				"LD_RUNPATH_SEARCH_PATHS[sdk=macosx*]" = "@executable_path/../Frameworks";
				MACOSX_DEPLOYMENT_TARGET = 15.0;
				MARKETING_VERSION = 1.0;
				OTHER_SWIFT_FLAGS = "";
				PRODUCT_BUNDLE_IDENTIFIER = com.app.marketplace.customer;
				PRODUCT_NAME = "$(TARGET_NAME)";
				SDKROOT = auto;
				SUPPORTED_PLATFORMS = "iphoneos iphonesimulator macosx xros xrsimulator";
				SWIFT_EMIT_LOC_STRINGS = YES;
				SWIFT_VERSION = 5.0;
				TARGETED_DEVICE_FAMILY = "1,2,7";
				XROS_DEPLOYMENT_TARGET = 2.0;
			};
			name = Release;
		};
/* End XCBuildConfiguration section */

/* Begin XCConfigurationList section */
		258B97382D3D481A00A6458D /* Build configuration list for PBXProject "MarketPlace-IOS" */ = {
			isa = XCConfigurationList;
			buildConfigurations = (
				258B97602D3D481C00A6458D /* Debug */,
				258B97612D3D481C00A6458D /* Release */,
			);
			defaultConfigurationIsVisible = 0;
			defaultConfigurationName = Release;
		};
		258B97622D3D481C00A6458D /* Build configuration list for PBXNativeTarget "MarketPlace-IOS" */ = {
			isa = XCConfigurationList;
			buildConfigurations = (
				258B97632D3D481C00A6458D /* Debug */,
				258B97642D3D481C00A6458D /* Release */,
			);
			defaultConfigurationIsVisible = 0;
			defaultConfigurationName = Release;
		};
		258B97652D3D481C00A6458D /* Build configuration list for PBXNativeTarget "MarketPlace-IOSTests" */ = {
			isa = XCConfigurationList;
			buildConfigurations = (
				258B97662D3D481C00A6458D /* Debug */,
				258B97672D3D481C00A6458D /* Release */,
			);
			defaultConfigurationIsVisible = 0;
			defaultConfigurationName = Release;
		};
		258B97682D3D481C00A6458D /* Build configuration list for PBXNativeTarget "MarketPlace-IOSUITests" */ = {
			isa = XCConfigurationList;
			buildConfigurations = (
				258B97692D3D481C00A6458D /* Debug */,
				258B976A2D3D481C00A6458D /* Release */,
			);
			defaultConfigurationIsVisible = 0;
			defaultConfigurationName = Release;
		};
		25F607412D4A78E000057F16 /* Build configuration list for PBXNativeTarget "MarketPlace-IOS-Customers" */ = {
			isa = XCConfigurationList;
			buildConfigurations = (
				25F607422D4A78E000057F16 /* Debug */,
				25F607432D4A78E000057F16 /* Release */,
			);
			defaultConfigurationIsVisible = 0;
			defaultConfigurationName = Release;
		};
/* End XCConfigurationList section */
	};
	rootObject = 258B97352D3D481A00A6458D /* Project object */;
}
